
Microsoft Visual Studio Solution File, Format Version 12.00
# Visual Studio Version 16
VisualStudioVersion = 16.0.31729.503
MinimumVisualStudioVersion = 10.0.40219.1
Project("{FAE04EC0-301F-11D3-BF4B-00C04F79EFBC}") = "ConsoleApp1", "ConsoleApp1\ConsoleApp1.csproj", "{B80551A4-5F54-4310-9A09-1DD6886D0762}"
EndProject
Global
	GlobalSection(SolutionConfigurationPlatforms) = preSolution
		Debug|Any CPU = Debug|Any CPU
		Release|Any CPU = Release|Any CPU
	EndGlobalSection
	GlobalSection(ProjectConfigurationPlatforms) = postSolution
		{B80551A4-5F54-4310-9A09-1DD6886D0762}.Debug|Any CPU.ActiveCfg = Debug|Any CPU
		{B80551A4-5F54-4310-9A09-1DD6886D0762}.Debug|Any CPU.Build.0 = Debug|Any CPU
		{B80551A4-5F54-4310-9A09-1DD6886D0762}.Release|Any CPU.ActiveCfg = Release|Any CPU
		{B80551A4-5F54-4310-9A09-1DD6886D0762}.Release|Any CPU.Build.0 = Release|Any CPU
	EndGlobalSection
	GlobalSection(SolutionProperties) = preSolution
		HideSolutionNode = FALSE
	EndGlobalSection
	GlobalSection(ExtensibilityGlobals) = postSolution
		SolutionGuid = {A1B0FED9-2754-4198-AC70-11416E68594B}
	EndGlobalSection
EndGlobal
